
Microsoft Visual Studio Solution File, Format Version 12.00
# Visual Studio Version 17
VisualStudioVersion = 17.11.35327.3
MinimumVisualStudioVersion = 10.0.40219.1
Project("{9A19103F-16F7-4668-BE54-9A1E7A4F7556}") = "ASP_Project_2", "ASP_Project_2\ASP_Project_2.csproj", "{376C375B-BFB3-42FC-A030-317D30A3681D}"
EndProject
Global
	GlobalSection(SolutionConfigurationPlatforms) = preSolution
		Debug|Any CPU = Debug|Any CPU
		Release|Any CPU = Release|Any CPU
	EndGlobalSection
	GlobalSection(ProjectConfigurationPlatforms) = postSolution
		{376C375B-BFB3-42FC-A030-317D30A3681D}.Debug|Any CPU.ActiveCfg = Debug|Any CPU
		{376C375B-BFB3-42FC-A030-317D30A3681D}.Debug|Any CPU.Build.0 = Debug|Any CPU
		{376C375B-BFB3-42FC-A030-317D30A3681D}.Release|Any CPU.ActiveCfg = Release|Any CPU
		{376C375B-BFB3-42FC-A030-317D30A3681D}.Release|Any CPU.Build.0 = Release|Any CPU
	EndGlobalSection
	GlobalSection(SolutionProperties) = preSolution
		HideSolutionNode = FALSE
	EndGlobalSection
	GlobalSection(ExtensibilityGlobals) = postSolution
		SolutionGuid = {E2D4E06D-AFAA-44D9-B6ED-964AB01CA7B0}
	EndGlobalSection
EndGlobal
